
Microsoft Visual Studio Solution File, Format Version 12.00
# Visual Studio Version 16
VisualStudioVersion = 16.0.31424.327
MinimumVisualStudioVersion = 10.0.40219.1
Project("{FAE04EC0-301F-11D3-BF4B-00C04F79EFBC}") = "Correos", "Correos\Correos.csproj", "{24A9AFEF-7E53-4E70-84A5-2A9A215D7A67}"
EndProject
Global
	GlobalSection(SolutionConfigurationPlatforms) = preSolution
		Debug|Any CPU = Debug|Any CPU
		Release|Any CPU = Release|Any CPU
	EndGlobalSection
	GlobalSection(ProjectConfigurationPlatforms) = postSolution
		{24A9AFEF-7E53-4E70-84A5-2A9A215D7A67}.Debug|Any CPU.ActiveCfg = Debug|Any CPU
		{24A9AFEF-7E53-4E70-84A5-2A9A215D7A67}.Debug|Any CPU.Build.0 = Debug|Any CPU
		{24A9AFEF-7E53-4E70-84A5-2A9A215D7A67}.Release|Any CPU.ActiveCfg = Release|Any CPU
		{24A9AFEF-7E53-4E70-84A5-2A9A215D7A67}.Release|Any CPU.Build.0 = Release|Any CPU
	EndGlobalSection
	GlobalSection(SolutionProperties) = preSolution
		HideSolutionNode = FALSE
	EndGlobalSection
	GlobalSection(ExtensibilityGlobals) = postSolution
		SolutionGuid = {F316135E-CC6A-422E-99BF-A8D1090316AB}
	EndGlobalSection
EndGlobal
